github.com/cpuguy83/go-md2man/v2 v2.0.1 h1:r/myEWzV9lfsM1tFLgDyu0atFtJ1fXn261LKYj/3DxU=
github.com/cpuguy83/go-md2man/v2 v2.0.1/go.mod h1:tgQtvFlXSQOSOSIRvRPT7W67SCa46tRHOmNcaadrF8o=
github.com/fufuok/balancer v1.0.0 h1:kN47t817XiLSRxH1x4CoGbqIXT9xYdO4xMwtTtxQG0Q=
github.com/fufuok/balancer v1.0.0/go.mod h1:dHZPH7cA83p44nr87GG3azPD79Ub0K9BWFMjnz8SZCk=
github.com/fufuok/bytespool v1.0.1 h1:wkiE8L+BCrIzmOWaMMIi3+bw8iiKuZAIK27djqllJy0=
github.com/fufuok/bytespool v1.0.1/go.mod h1:IRJcvpAomyo8gWmK7ucZ59p+aHHYiece9B+7EaKz53I=
github.com/fufuok/utils v0.3.8 h1:v1qFy2JLUL0sghqMumJE23fDgK2qMlvx/A1YU0h8s2g=
github.com/fufuok/utils v0.3.8/go.mod h1:fhB97845Gmqy6oMiKu3GlmUUb7mp4K5DeRwH7DCwjWU=
github.com/phuslu/log v1.0.76 h1:jb5ZFsqAYG4IItmYhEd7+DyUrCLAC0anl+MoYVPnjsc=
github.com/phuslu/log v1.0.76/go.mod h1:kzJN3LRifrepxThMjufQwS7S35yFAB+jAV1qgA7eBW4=
github.com/russross/blackfriday/v2 v2.1.0 h1:JIOH55/0cWyOuilr9/qlrm0BSXldqnqwMsf35Ld67mk=
github.com/russross/blackfriday/v2 v2.1.0/go.mod h1:+Rmxgy9KzJVeS9/2gXHxylqXiyQDYRxCVz55jmeOWTM=
github.com/urfave/cli/v2 v2.3.0 h1:qph92Y649prgesehzOrQjdWyxFOp/QVM+6imKHad91M=
github.com/urfave/cli/v2 v2.3.0/go.mod h1:LJmUH05zAU44vOAcrfzZQKsZbVcdbOG8rtL3/XcUArI=
golang.org/x/time v0.0.0-20211116232009-f0f3c7e86c11 h1:GZokNIeuVkl3aZHJchRrr13WCsols02MLUcz1U9is6M=
golang.org/x/time v0.0.0-20211116232009-f0f3c7e86c11/go.mod h1:tRJNPiyCQ0inRvYxbN9jk5I+vvW/OXSQhTDSoE431IQ=
